
Microsoft Visual Studio Solution File, Format Version 12.00
# Visual Studio 15
Project("{FAE04EC0-301F-11D3-BF4B-00C04F79EFBC}") = "Mediaplayer8", "Assembly-CSharp.csproj", "{3CBCFF6C-BBA5-A110-28FD-E42C902B5CB1}"
EndProject
Project("{FAE04EC0-301F-11D3-BF4B-00C04F79EFBC}") = "Mediaplayer8", "Assembly-CSharp-Editor.csproj", "{4D0A5E2A-EA8F-F520-A80A-6DB675D1224B}"
EndProject
Global
	GlobalSection(SolutionConfigurationPlatforms) = preSolution
		Debug|Any CPU = Debug|Any CPU
		Release|Any CPU = Release|Any CPU
	EndGlobalSection
	GlobalSection(ProjectConfigurationPlatforms) = postSolution
		{3CBCFF6C-BBA5-A110-28FD-E42C902B5CB1}.Debug|Any CPU.ActiveCfg = Debug|Any CPU
		{3CBCFF6C-BBA5-A110-28FD-E42C902B5CB1}.Debug|Any CPU.Build.0 = Debug|Any CPU
		{3CBCFF6C-BBA5-A110-28FD-E42C902B5CB1}.Release|Any CPU.ActiveCfg = Release|Any CPU
		{3CBCFF6C-BBA5-A110-28FD-E42C902B5CB1}.Release|Any CPU.Build.0 = Release|Any CPU
		{4D0A5E2A-EA8F-F520-A80A-6DB675D1224B}.Debug|Any CPU.ActiveCfg = Debug|Any CPU
		{4D0A5E2A-EA8F-F520-A80A-6DB675D1224B}.Debug|Any CPU.Build.0 = Debug|Any CPU
		{4D0A5E2A-EA8F-F520-A80A-6DB675D1224B}.Release|Any CPU.ActiveCfg = Release|Any CPU
		{4D0A5E2A-EA8F-F520-A80A-6DB675D1224B}.Release|Any CPU.Build.0 = Release|Any CPU
	EndGlobalSection
	GlobalSection(SolutionProperties) = preSolution
		HideSolutionNode = FALSE
	EndGlobalSection
EndGlobal
